
Microsoft Visual Studio Solution File, Format Version 12.00
# Visual Studio Version 16
VisualStudioVersion = 16.0.35425.106
MinimumVisualStudioVersion = 10.0.40219.1
Project("{FAE04EC0-301F-11D3-BF4B-00C04F79EFBC}") = "B64", "B64.csproj", "{39DE0A32-E9FE-42E4-8112-02412008CD8C}"
EndProject
Global
	GlobalSection(SolutionConfigurationPlatforms) = preSolution
		Debug|Any CPU = Debug|Any CPU
		Debug|x64 = Debug|x64
		Release|Any CPU = Release|Any CPU
		Release|x64 = Release|x64
	EndGlobalSection
	GlobalSection(ProjectConfigurationPlatforms) = postSolution
		{39DE0A32-E9FE-42E4-8112-02412008CD8C}.Debug|Any CPU.ActiveCfg = Debug|Any CPU
		{39DE0A32-E9FE-42E4-8112-02412008CD8C}.Debug|Any CPU.Build.0 = Debug|Any CPU
		{39DE0A32-E9FE-42E4-8112-02412008CD8C}.Debug|x64.ActiveCfg = Debug|x64
		{39DE0A32-E9FE-42E4-8112-02412008CD8C}.Debug|x64.Build.0 = Debug|x64
		{39DE0A32-E9FE-42E4-8112-02412008CD8C}.Release|Any CPU.ActiveCfg = Release|Any CPU
		{39DE0A32-E9FE-42E4-8112-02412008CD8C}.Release|Any CPU.Build.0 = Release|Any CPU
		{39DE0A32-E9FE-42E4-8112-02412008CD8C}.Release|x64.ActiveCfg = Release|x64
		{39DE0A32-E9FE-42E4-8112-02412008CD8C}.Release|x64.Build.0 = Release|x64
	EndGlobalSection
	GlobalSection(SolutionProperties) = preSolution
		HideSolutionNode = FALSE
	EndGlobalSection
	GlobalSection(ExtensibilityGlobals) = postSolution
		SolutionGuid = {2E2D7BB8-6834-471F-8FBD-1A2E438106B6}
	EndGlobalSection
EndGlobal
