
Microsoft Visual Studio Solution File, Format Version 12.00
# Visual Studio Version 16
VisualStudioVersion = 16.0.35826.135
MinimumVisualStudioVersion = 10.0.40219.1
Project("{FAE04EC0-301F-11D3-BF4B-00C04F79EFBC}") = "XLoader", "XLoader\XLoader.csproj", "{00866C6C-4DF9-4240-9DD1-7CBBD4C758BF}"
EndProject
Global
	GlobalSection(SolutionConfigurationPlatforms) = preSolution
		Debug|Any CPU = Debug|Any CPU
		Debug|x64 = Debug|x64
		Release|Any CPU = Release|Any CPU
		Release|x64 = Release|x64
	EndGlobalSection
	GlobalSection(ProjectConfigurationPlatforms) = postSolution
		{00866C6C-4DF9-4240-9DD1-7CBBD4C758BF}.Debug|Any CPU.ActiveCfg = Debug|Any CPU
		{00866C6C-4DF9-4240-9DD1-7CBBD4C758BF}.Debug|Any CPU.Build.0 = Debug|Any CPU
		{00866C6C-4DF9-4240-9DD1-7CBBD4C758BF}.Debug|x64.ActiveCfg = Debug|x64
		{00866C6C-4DF9-4240-9DD1-7CBBD4C758BF}.Debug|x64.Build.0 = Debug|x64
		{00866C6C-4DF9-4240-9DD1-7CBBD4C758BF}.Release|Any CPU.ActiveCfg = Release|Any CPU
		{00866C6C-4DF9-4240-9DD1-7CBBD4C758BF}.Release|Any CPU.Build.0 = Release|Any CPU
		{00866C6C-4DF9-4240-9DD1-7CBBD4C758BF}.Release|x64.ActiveCfg = Release|x64
		{00866C6C-4DF9-4240-9DD1-7CBBD4C758BF}.Release|x64.Build.0 = Release|x64
	EndGlobalSection
	GlobalSection(SolutionProperties) = preSolution
		HideSolutionNode = FALSE
	EndGlobalSection
	GlobalSection(ExtensibilityGlobals) = postSolution
		SolutionGuid = {46C886D8-5503-479A-9EEA-C3A5D18AAD85}
	EndGlobalSection
EndGlobal
