
Microsoft Visual Studio Solution File, Format Version 12.00
# Visual Studio Version 16
VisualStudioVersion = 16.0.35826.135
MinimumVisualStudioVersion = 10.0.40219.1
Project("{FAE04EC0-301F-11D3-BF4B-00C04F79EFBC}") = "XOR_ENC_DEC", "XOR_ENC_DEC\XOR_ENC_DEC.csproj", "{466D3034-A3E2-4BD8-B4F0-D5C76FB253F9}"
EndProject
Global
	GlobalSection(SolutionConfigurationPlatforms) = preSolution
		Debug|Any CPU = Debug|Any CPU
		Debug|x64 = Debug|x64
		Release|Any CPU = Release|Any CPU
		Release|x64 = Release|x64
	EndGlobalSection
	GlobalSection(ProjectConfigurationPlatforms) = postSolution
		{466D3034-A3E2-4BD8-B4F0-D5C76FB253F9}.Debug|Any CPU.ActiveCfg = Debug|Any CPU
		{466D3034-A3E2-4BD8-B4F0-D5C76FB253F9}.Debug|Any CPU.Build.0 = Debug|Any CPU
		{466D3034-A3E2-4BD8-B4F0-D5C76FB253F9}.Debug|x64.ActiveCfg = Debug|x64
		{466D3034-A3E2-4BD8-B4F0-D5C76FB253F9}.Debug|x64.Build.0 = Debug|x64
		{466D3034-A3E2-4BD8-B4F0-D5C76FB253F9}.Release|Any CPU.ActiveCfg = Release|Any CPU
		{466D3034-A3E2-4BD8-B4F0-D5C76FB253F9}.Release|Any CPU.Build.0 = Release|Any CPU
		{466D3034-A3E2-4BD8-B4F0-D5C76FB253F9}.Release|x64.ActiveCfg = Release|x64
		{466D3034-A3E2-4BD8-B4F0-D5C76FB253F9}.Release|x64.Build.0 = Release|x64
	EndGlobalSection
	GlobalSection(SolutionProperties) = preSolution
		HideSolutionNode = FALSE
	EndGlobalSection
	GlobalSection(ExtensibilityGlobals) = postSolution
		SolutionGuid = {E5DA27D1-2EC2-41D0-BB49-23E4AA44E948}
	EndGlobalSection
EndGlobal
