
Microsoft Visual Studio Solution File, Format Version 12.00
# Visual Studio Version 16
VisualStudioVersion = 16.0.35826.135
MinimumVisualStudioVersion = 10.0.40219.1
Project("{FAE04EC0-301F-11D3-BF4B-00C04F79EFBC}") = "CrimsonXORencode", "CrimsonXORencode\CrimsonXORencode.csproj", "{F649C222-F240-41E6-8D47-2E715B9335DB}"
EndProject
Global
	GlobalSection(SolutionConfigurationPlatforms) = preSolution
		Debug|Any CPU = Debug|Any CPU
		Debug|x64 = Debug|x64
		Release|Any CPU = Release|Any CPU
		Release|x64 = Release|x64
	EndGlobalSection
	GlobalSection(ProjectConfigurationPlatforms) = postSolution
		{F649C222-F240-41E6-8D47-2E715B9335DB}.Debug|Any CPU.ActiveCfg = Debug|Any CPU
		{F649C222-F240-41E6-8D47-2E715B9335DB}.Debug|Any CPU.Build.0 = Debug|Any CPU
		{F649C222-F240-41E6-8D47-2E715B9335DB}.Debug|x64.ActiveCfg = Debug|x64
		{F649C222-F240-41E6-8D47-2E715B9335DB}.Debug|x64.Build.0 = Debug|x64
		{F649C222-F240-41E6-8D47-2E715B9335DB}.Release|Any CPU.ActiveCfg = Release|Any CPU
		{F649C222-F240-41E6-8D47-2E715B9335DB}.Release|Any CPU.Build.0 = Release|Any CPU
		{F649C222-F240-41E6-8D47-2E715B9335DB}.Release|x64.ActiveCfg = Release|x64
		{F649C222-F240-41E6-8D47-2E715B9335DB}.Release|x64.Build.0 = Release|x64
	EndGlobalSection
	GlobalSection(SolutionProperties) = preSolution
		HideSolutionNode = FALSE
	EndGlobalSection
	GlobalSection(ExtensibilityGlobals) = postSolution
		SolutionGuid = {35B0C987-DB77-4E80-9A3D-2911CB6282EF}
	EndGlobalSection
EndGlobal
