
Microsoft Visual Studio Solution File, Format Version 12.00
# Visual Studio Version 16
VisualStudioVersion = 16.0.35826.135
MinimumVisualStudioVersion = 10.0.40219.1
Project("{FAE04EC0-301F-11D3-BF4B-00C04F79EFBC}") = "EvilService", "EvilService\EvilService.csproj", "{E441B308-EDD6-43D8-BA3C-945E776787B2}"
EndProject
Global
	GlobalSection(SolutionConfigurationPlatforms) = preSolution
		Debug|Any CPU = Debug|Any CPU
		Debug|x64 = Debug|x64
		Release|Any CPU = Release|Any CPU
		Release|x64 = Release|x64
	EndGlobalSection
	GlobalSection(ProjectConfigurationPlatforms) = postSolution
		{E441B308-EDD6-43D8-BA3C-945E776787B2}.Debug|Any CPU.ActiveCfg = Debug|Any CPU
		{E441B308-EDD6-43D8-BA3C-945E776787B2}.Debug|Any CPU.Build.0 = Debug|Any CPU
		{E441B308-EDD6-43D8-BA3C-945E776787B2}.Debug|x64.ActiveCfg = Debug|x64
		{E441B308-EDD6-43D8-BA3C-945E776787B2}.Debug|x64.Build.0 = Debug|x64
		{E441B308-EDD6-43D8-BA3C-945E776787B2}.Release|Any CPU.ActiveCfg = Release|Any CPU
		{E441B308-EDD6-43D8-BA3C-945E776787B2}.Release|Any CPU.Build.0 = Release|Any CPU
		{E441B308-EDD6-43D8-BA3C-945E776787B2}.Release|x64.ActiveCfg = Release|x64
		{E441B308-EDD6-43D8-BA3C-945E776787B2}.Release|x64.Build.0 = Release|x64
	EndGlobalSection
	GlobalSection(SolutionProperties) = preSolution
		HideSolutionNode = FALSE
	EndGlobalSection
	GlobalSection(ExtensibilityGlobals) = postSolution
		SolutionGuid = {ACA4FB6D-9DD7-4B41-87D9-975FAE4B3209}
	EndGlobalSection
EndGlobal
