
Microsoft Visual Studio Solution File, Format Version 12.00
# Visual Studio Version 16
VisualStudioVersion = 16.0.35425.106
MinimumVisualStudioVersion = 10.0.40219.1
Project("{FAE04EC0-301F-11D3-BF4B-00C04F79EFBC}") = "LocalLoader", "LocalLoader.csproj", "{9403C342-AC9F-48D3-9298-BC7CDF830CD1}"
EndProject
Global
	GlobalSection(SolutionConfigurationPlatforms) = preSolution
		Debug|Any CPU = Debug|Any CPU
		Debug|x64 = Debug|x64
		Release|Any CPU = Release|Any CPU
		Release|x64 = Release|x64
	EndGlobalSection
	GlobalSection(ProjectConfigurationPlatforms) = postSolution
		{9403C342-AC9F-48D3-9298-BC7CDF830CD1}.Debug|Any CPU.ActiveCfg = Debug|Any CPU
		{9403C342-AC9F-48D3-9298-BC7CDF830CD1}.Debug|Any CPU.Build.0 = Debug|Any CPU
		{9403C342-AC9F-48D3-9298-BC7CDF830CD1}.Debug|x64.ActiveCfg = Debug|x64
		{9403C342-AC9F-48D3-9298-BC7CDF830CD1}.Debug|x64.Build.0 = Debug|x64
		{9403C342-AC9F-48D3-9298-BC7CDF830CD1}.Release|Any CPU.ActiveCfg = Release|Any CPU
		{9403C342-AC9F-48D3-9298-BC7CDF830CD1}.Release|Any CPU.Build.0 = Release|Any CPU
		{9403C342-AC9F-48D3-9298-BC7CDF830CD1}.Release|x64.ActiveCfg = Release|x64
		{9403C342-AC9F-48D3-9298-BC7CDF830CD1}.Release|x64.Build.0 = Release|x64
	EndGlobalSection
	GlobalSection(SolutionProperties) = preSolution
		HideSolutionNode = FALSE
	EndGlobalSection
	GlobalSection(ExtensibilityGlobals) = postSolution
		SolutionGuid = {EC0349C8-6617-4D6C-AC22-5112F391DD48}
	EndGlobalSection
EndGlobal
